
Microsoft Visual Studio Solution File, Format Version 12.00
# Visual Studio Version 17
VisualStudioVersion = 17.13.35828.75
MinimumVisualStudioVersion = 10.0.40219.1
Project("{8BC9CEB8-8B4A-11D0-8D11-00A0C91BC942}") = "01_OpenGLBeginner", "01_OpenGLBeginner\01_OpenGLBeginner.vcxproj", "{737907FA-73EC-4B0B-B494-A9877A0A2ABF}"
EndProject
Project("{8BC9CEB8-8B4A-11D0-8D11-00A0C91BC942}") = "02_ShaderBeginner", "02_ShaderBeginner\02_ShaderBeginner.vcxproj", "{B74619EB-7FC8-486C-B220-66B04CF44259}"
EndProject
Project("{8BC9CEB8-8B4A-11D0-8D11-00A0C91BC942}") = "03_TextureBeginner", "03_TextureBeginner\03_TextureBeginner.vcxproj", "{4CBDFFED-EB6F-44EB-9B2E-BB2740E1B7C1}"
EndProject
Project("{8BC9CEB8-8B4A-11D0-8D11-00A0C91BC942}") = "04_GLM_and_Math", "04_GLM_and_Math\04_GLM_and_Math.vcxproj", "{EA4181E6-8C26-42CA-90A6-200EC099C3D8}"
EndProject
Project("{8BC9CEB8-8B4A-11D0-8D11-00A0C91BC942}") = "05_Camera", "05_Camera\05_Camera.vcxproj", "{260D38E9-AE96-4C39-B14A-CDBF556AB037}"
EndProject
Project("{8BC9CEB8-8B4A-11D0-8D11-00A0C91BC942}") = "201_color", "201_color\201_color.vcxproj", "{9C8E7CEA-2C0C-4CA8-ACD9-51461CFB7F79}"
EndProject
Project("{8BC9CEB8-8B4A-11D0-8D11-00A0C91BC942}") = "202_Basic_light", "202_Basic_light\202_Basic_light.vcxproj", "{E8C5AB77-6404-4E83-A437-8E41305AABC9}"
EndProject
Global
	GlobalSection(SolutionConfigurationPlatforms) = preSolution
		Debug|x64 = Debug|x64
		Debug|x86 = Debug|x86
		Release|x64 = Release|x64
		Release|x86 = Release|x86
	EndGlobalSection
	GlobalSection(ProjectConfigurationPlatforms) = postSolution
		{737907FA-73EC-4B0B-B494-A9877A0A2ABF}.Debug|x64.ActiveCfg = Debug|x64
		{737907FA-73EC-4B0B-B494-A9877A0A2ABF}.Debug|x64.Build.0 = Debug|x64
		{737907FA-73EC-4B0B-B494-A9877A0A2ABF}.Debug|x86.ActiveCfg = Debug|Win32
		{737907FA-73EC-4B0B-B494-A9877A0A2ABF}.Debug|x86.Build.0 = Debug|Win32
		{737907FA-73EC-4B0B-B494-A9877A0A2ABF}.Release|x64.ActiveCfg = Release|x64
		{737907FA-73EC-4B0B-B494-A9877A0A2ABF}.Release|x64.Build.0 = Release|x64
		{737907FA-73EC-4B0B-B494-A9877A0A2ABF}.Release|x86.ActiveCfg = Release|Win32
		{737907FA-73EC-4B0B-B494-A9877A0A2ABF}.Release|x86.Build.0 = Release|Win32
		{B74619EB-7FC8-486C-B220-66B04CF44259}.Debug|x64.ActiveCfg = Debug|x64
		{B74619EB-7FC8-486C-B220-66B04CF44259}.Debug|x64.Build.0 = Debug|x64
		{B74619EB-7FC8-486C-B220-66B04CF44259}.Debug|x86.ActiveCfg = Debug|Win32
		{B74619EB-7FC8-486C-B220-66B04CF44259}.Debug|x86.Build.0 = Debug|Win32
		{B74619EB-7FC8-486C-B220-66B04CF44259}.Release|x64.ActiveCfg = Release|x64
		{B74619EB-7FC8-486C-B220-66B04CF44259}.Release|x64.Build.0 = Release|x64
		{B74619EB-7FC8-486C-B220-66B04CF44259}.Release|x86.ActiveCfg = Release|Win32
		{B74619EB-7FC8-486C-B220-66B04CF44259}.Release|x86.Build.0 = Release|Win32
		{4CBDFFED-EB6F-44EB-9B2E-BB2740E1B7C1}.Debug|x64.ActiveCfg = Debug|x64
		{4CBDFFED-EB6F-44EB-9B2E-BB2740E1B7C1}.Debug|x64.Build.0 = Debug|x64
		{4CBDFFED-EB6F-44EB-9B2E-BB2740E1B7C1}.Debug|x86.ActiveCfg = Debug|Win32
		{4CBDFFED-EB6F-44EB-9B2E-BB2740E1B7C1}.Debug|x86.Build.0 = Debug|Win32
		{4CBDFFED-EB6F-44EB-9B2E-BB2740E1B7C1}.Release|x64.ActiveCfg = Release|x64
		{4CBDFFED-EB6F-44EB-9B2E-BB2740E1B7C1}.Release|x64.Build.0 = Release|x64
		{4CBDFFED-EB6F-44EB-9B2E-BB2740E1B7C1}.Release|x86.ActiveCfg = Release|Win32
		{4CBDFFED-EB6F-44EB-9B2E-BB2740E1B7C1}.Release|x86.Build.0 = Release|Win32
		{EA4181E6-8C26-42CA-90A6-200EC099C3D8}.Debug|x64.ActiveCfg = Debug|x64
		{EA4181E6-8C26-42CA-90A6-200EC099C3D8}.Debug|x64.Build.0 = Debug|x64
		{EA4181E6-8C26-42CA-90A6-200EC099C3D8}.Debug|x86.ActiveCfg = Debug|Win32
		{EA4181E6-8C26-42CA-90A6-200EC099C3D8}.Debug|x86.Build.0 = Debug|Win32
		{EA4181E6-8C26-42CA-90A6-200EC099C3D8}.Release|x64.ActiveCfg = Release|x64
		{EA4181E6-8C26-42CA-90A6-200EC099C3D8}.Release|x64.Build.0 = Release|x64
		{EA4181E6-8C26-42CA-90A6-200EC099C3D8}.Release|x86.ActiveCfg = Release|Win32
		{EA4181E6-8C26-42CA-90A6-200EC099C3D8}.Release|x86.Build.0 = Release|Win32
		{260D38E9-AE96-4C39-B14A-CDBF556AB037}.Debug|x64.ActiveCfg = Debug|x64
		{260D38E9-AE96-4C39-B14A-CDBF556AB037}.Debug|x64.Build.0 = Debug|x64
		{260D38E9-AE96-4C39-B14A-CDBF556AB037}.Debug|x86.ActiveCfg = Debug|Win32
		{260D38E9-AE96-4C39-B14A-CDBF556AB037}.Debug|x86.Build.0 = Debug|Win32
		{260D38E9-AE96-4C39-B14A-CDBF556AB037}.Release|x64.ActiveCfg = Release|x64
		{260D38E9-AE96-4C39-B14A-CDBF556AB037}.Release|x64.Build.0 = Release|x64
		{260D38E9-AE96-4C39-B14A-CDBF556AB037}.Release|x86.ActiveCfg = Release|Win32
		{260D38E9-AE96-4C39-B14A-CDBF556AB037}.Release|x86.Build.0 = Release|Win32
		{9C8E7CEA-2C0C-4CA8-ACD9-51461CFB7F79}.Debug|x64.ActiveCfg = Debug|x64
		{9C8E7CEA-2C0C-4CA8-ACD9-51461CFB7F79}.Debug|x64.Build.0 = Debug|x64
		{9C8E7CEA-2C0C-4CA8-ACD9-51461CFB7F79}.Debug|x86.ActiveCfg = Debug|Win32
		{9C8E7CEA-2C0C-4CA8-ACD9-51461CFB7F79}.Debug|x86.Build.0 = Debug|Win32
		{9C8E7CEA-2C0C-4CA8-ACD9-51461CFB7F79}.Release|x64.ActiveCfg = Release|x64
		{9C8E7CEA-2C0C-4CA8-ACD9-51461CFB7F79}.Release|x64.Build.0 = Release|x64
		{9C8E7CEA-2C0C-4CA8-ACD9-51461CFB7F79}.Release|x86.ActiveCfg = Release|Win32
		{9C8E7CEA-2C0C-4CA8-ACD9-51461CFB7F79}.Release|x86.Build.0 = Release|Win32
		{E8C5AB77-6404-4E83-A437-8E41305AABC9}.Debug|x64.ActiveCfg = Debug|x64
		{E8C5AB77-6404-4E83-A437-8E41305AABC9}.Debug|x64.Build.0 = Debug|x64
		{E8C5AB77-6404-4E83-A437-8E41305AABC9}.Debug|x86.ActiveCfg = Debug|Win32
		{E8C5AB77-6404-4E83-A437-8E41305AABC9}.Debug|x86.Build.0 = Debug|Win32
		{E8C5AB77-6404-4E83-A437-8E41305AABC9}.Release|x64.ActiveCfg = Release|x64
		{E8C5AB77-6404-4E83-A437-8E41305AABC9}.Release|x64.Build.0 = Release|x64
		{E8C5AB77-6404-4E83-A437-8E41305AABC9}.Release|x86.ActiveCfg = Release|Win32
		{E8C5AB77-6404-4E83-A437-8E41305AABC9}.Release|x86.Build.0 = Release|Win32
	EndGlobalSection
	GlobalSection(SolutionProperties) = preSolution
		HideSolutionNode = FALSE
	EndGlobalSection
	GlobalSection(ExtensibilityGlobals) = postSolution
		SolutionGuid = {DA1BAF80-010E-4230-A4A6-91FF07C749E2}
	EndGlobalSection
EndGlobal
