<?xml version="1.0" encoding="utf-8"?>
<Project ToolsVersion="4.0" xmlns="http://schemas.microsoft.com/developer/msbuild/2003">
  <ItemGroup>
    <Filter Include="源文件">
      <UniqueIdentifier>{4FC737F1-C7A5-4376-A066-2A32D752A2FF}</UniqueIdentifier>
      <Extensions>cpp;c;cc;cxx;c++;cppm;ixx;def;odl;idl;hpj;bat;asm;asmx</Extensions>
    </Filter>
    <Filter Include="头文件">
      <UniqueIdentifier>{93995380-89BD-4b04-88EB-625FBE52EBFB}</UniqueIdentifier>
      <Extensions>h;hh;hpp;hxx;h++;hm;inl;inc;ipp;xsd</Extensions>
    </Filter>
    <Filter Include="资源文件">
      <UniqueIdentifier>{67DA6AB6-F800-4c08-8B7A-83BB121AAD01}</UniqueIdentifier>
      <Extensions>rc;ico;cur;bmp;dlg;rc2;rct;bin;rgs;gif;jpg;jpeg;jpe;resx;tiff;tif;png;wav;mfcribbon-ms</Extensions>
    </Filter>
    <Filter Include="源文件\imgui">
      <UniqueIdentifier>{a6803fd1-e78c-445b-85b1-4701f3f5d8cd}</UniqueIdentifier>
    </Filter>
    <Filter Include="Shaders">
      <UniqueIdentifier>{6d0c0e30-b0f2-46ac-a092-bf9e6b87ad6d}</UniqueIdentifier>
    </Filter>
  </ItemGroup>
  <ItemGroup>
    <ClCompile Include="01_basicLight.cpp">
      <Filter>源文件</Filter>
    </ClCompile>
    <ClCompile Include="02_basicLight_view_phong.cpp">
      <Filter>源文件</Filter>
    </ClCompile>
    <ClCompile Include="03_basicLight_Gouraud.cpp">
      <Filter>源文件</Filter>
    </ClCompile>
    <ClCompile Include="04_02_with_imgui.cpp">
      <Filter>源文件</Filter>
    </ClCompile>
    <ClCompile Include="..\..\include\imgui\src\imgui.cpp">
      <Filter>源文件\imgui</Filter>
    </ClCompile>
    <ClCompile Include="..\..\include\imgui\src\imgui_demo.cpp">
      <Filter>源文件\imgui</Filter>
    </ClCompile>
    <ClCompile Include="..\..\include\imgui\src\imgui_draw.cpp">
      <Filter>源文件\imgui</Filter>
    </ClCompile>
    <ClCompile Include="..\..\include\imgui\src\imgui_impl_glfw.cpp">
      <Filter>源文件\imgui</Filter>
    </ClCompile>
    <ClCompile Include="..\..\include\imgui\src\imgui_impl_opengl3.cpp">
      <Filter>源文件\imgui</Filter>
    </ClCompile>
    <ClCompile Include="..\..\include\imgui\src\imgui_tables.cpp">
      <Filter>源文件\imgui</Filter>
    </ClCompile>
    <ClCompile Include="..\..\include\imgui\src\imgui_widgets.cpp">
      <Filter>源文件\imgui</Filter>
    </ClCompile>
    <ClCompile Include="..\..\include\glad\glad.c">
      <Filter>源文件</Filter>
    </ClCompile>
  </ItemGroup>
  <ItemGroup>
    <ClInclude Include="shader.h">
      <Filter>头文件</Filter>
    </ClInclude>
    <ClInclude Include="camera.h">
      <Filter>头文件</Filter>
    </ClInclude>
    <ClInclude Include="utils.h">
      <Filter>头文件</Filter>
    </ClInclude>
  </ItemGroup>
  <ItemGroup>
    <None Include="object_phong_world.frag">
      <Filter>Shaders</Filter>
    </None>
    <None Include="phong_world.vert">
      <Filter>Shaders</Filter>
    </None>
    <None Include="light.frag">
      <Filter>Shaders</Filter>
    </None>
    <None Include="phong_view.vert">
      <Filter>Shaders</Filter>
    </None>
    <None Include="object_phong_view.frag">
      <Filter>Shaders</Filter>
    </None>
    <None Include="Gouraud.vert">
      <Filter>Shaders</Filter>
    </None>
    <None Include="Gouraud.frag">
      <Filter>Shaders</Filter>
    </None>
  </ItemGroup>
</Project>